{
  "name": "bjs",
  "version": "1.0.0",
  "lockfileVersion": 2,
  "requires": true,
  "packages": {
    "": {
      "name": "bjs",
      "version": "1.0.0",
      "license": "ISC",
      "devDependencies": {
        "babylonjs": "^5.5.5",
        "typescript": "^4.6.4"
      }
    },
    "node_modules/babylonjs": {
      "version": "5.5.5",
      "resolved": "https://registry.npmjs.org/babylonjs/-/babylonjs-5.5.5.tgz",
      "integrity": "sha512-zXeNFt3dadYDBQTQhQUtYuK6bF7d35zojJzYuynW6PwnEcw/m3+trneswBEVKycsY907hOXrD+TXjH8yCoBw/A==",
      "dev": true
    },
    "node_modules/typescript": {
      "version": "4.6.4",
      "resolved": "https://registry.npmjs.org/typescript/-/typescript-4.6.4.tgz",
      "integrity": "sha512-9ia/jWHIEbo49HfjrLGfKbZSuWo9iTMwXO+Ca3pRsSpbsMbc7/IU8NKdCZVRRBafVPGnoJeFL76ZOAA84I9fEg==",
      "dev": true,
      "bin": {
        "tsc": "bin/tsc",
        "tsserver": "bin/tsserver"
      },
      "engines": {
        "node": ">=4.2.0"
      }
    }
  },
  "dependencies": {
    "babylonjs": {
      "version": "5.5.5",
      "resolved": "https://registry.npmjs.org/babylonjs/-/babylonjs-5.5.5.tgz",
      "integrity": "sha512-zXeNFt3dadYDBQTQhQUtYuK6bF7d35zojJzYuynW6PwnEcw/m3+trneswBEVKycsY907hOXrD+TXjH8yCoBw/A==",
      "dev": true
    },
    "typescript": {
      "version": "4.6.4",
      "resolved": "https://registry.npmjs.org/typescript/-/typescript-4.6.4.tgz",
      "integrity": "sha512-9ia/jWHIEbo49HfjrLGfKbZSuWo9iTMwXO+Ca3pRsSpbsMbc7/IU8NKdCZVRRBafVPGnoJeFL76ZOAA84I9fEg==",
      "dev": true
    }
  }
}
